
Microsoft Visual Studio Solution File, Format Version 12.00
# Visual Studio Version 17
VisualStudioVersion = 17.5.33424.131
MinimumVisualStudioVersion = 10.0.40219.1
Project("{FAE04EC0-301F-11D3-BF4B-00C04F79EFBC}") = "ConsoleApp2", "ConsoleApp2\ConsoleApp2.csproj", "{F7C9D375-86CD-48DA-88E6-5E0A901A9745}"
EndProject
Project("{FAE04EC0-301F-11D3-BF4B-00C04F79EFBC}") = "laba_1", "laba_1\laba_1.csproj", "{7C2D9A2F-878F-43FC-BAC6-49C3353CCF58}"
EndProject
Global
	GlobalSection(SolutionConfigurationPlatforms) = preSolution
		Debug|Any CPU = Debug|Any CPU
		Release|Any CPU = Release|Any CPU
	EndGlobalSection
	GlobalSection(ProjectConfigurationPlatforms) = postSolution
		{F7C9D375-86CD-48DA-88E6-5E0A901A9745}.Debug|Any CPU.ActiveCfg = Debug|Any CPU
		{F7C9D375-86CD-48DA-88E6-5E0A901A9745}.Debug|Any CPU.Build.0 = Debug|Any CPU
		{F7C9D375-86CD-48DA-88E6-5E0A901A9745}.Release|Any CPU.ActiveCfg = Release|Any CPU
		{F7C9D375-86CD-48DA-88E6-5E0A901A9745}.Release|Any CPU.Build.0 = Release|Any CPU
		{7C2D9A2F-878F-43FC-BAC6-49C3353CCF58}.Debug|Any CPU.ActiveCfg = Debug|Any CPU
		{7C2D9A2F-878F-43FC-BAC6-49C3353CCF58}.Debug|Any CPU.Build.0 = Debug|Any CPU
		{7C2D9A2F-878F-43FC-BAC6-49C3353CCF58}.Release|Any CPU.ActiveCfg = Release|Any CPU
		{7C2D9A2F-878F-43FC-BAC6-49C3353CCF58}.Release|Any CPU.Build.0 = Release|Any CPU
	EndGlobalSection
	GlobalSection(SolutionProperties) = preSolution
		HideSolutionNode = FALSE
	EndGlobalSection
	GlobalSection(ExtensibilityGlobals) = postSolution
		SolutionGuid = {AA49B505-65EA-481D-AE39-AEED5C648C29}
	EndGlobalSection
EndGlobal
